{
  "name": "iwa-demo",
  "version": "0.0.0",
  "lockfileVersion": 3,
  "requires": true,
  "packages": {
    "": {
      "name": "iwa-demo",
      "version": "0.0.0",
      "devDependencies": {
        "@types/w3c-capture-all-screens": "^0.0.0",
        "@types/w3c-controlled-frame": "^0.0.1",
        "@types/w3c-direct-sockets": "^0.0.2",
        "dotenv": "^16.4.2",
        "prettier": "^3.2.5",
        "rollup-plugin-webbundle": "^0.2.0",
        "tinycolor2": "^1.6.0",
        "typescript": "^5.2.2",
        "vite": "^5.4.20",
        "vite-plugin-html-inject": "^1.1.2",
        "wbn-sign": "^0.2.0"
      }
    },
    "node_modules/@esbuild/linux-x64": {
      "version": "0.21.5",
      "cpu": [
        "x64"
      ],
      "dev": true,
      "license": "MIT",
      "optional": true,
      "os": [
        "linux"
      ],
      "engines": {
        "node": ">=12"
      }
    },
    "node_modules/@rollup/rollup-linux-x64-gnu": {
      "version": "4.53.3",
      "cpu": [
        "x64"
      ],
      "dev": true,
      "license": "MIT",
      "optional": true,
      "os": [
        "linux"
      ]
    },
    "node_modules/@rollup/rollup-linux-x64-musl": {
      "version": "4.53.3",
      "cpu": [
        "x64"
      ],
      "dev": true,
      "license": "MIT",
      "optional": true,
      "os": [
        "linux"
      ]
    },
    "node_modules/@types/estree": {
      "version": "1.0.8",
      "dev": true,
      "license": "MIT"
    },
    "node_modules/@types/w3c-capture-all-screens": {
      "version": "0.0.0",
      "resolved": "https://registry.npmjs.org/@types/w3c-capture-all-screens/-/w3c-capture-all-screens-0.0.0.tgz",
      "integrity": "sha512-zAqgA8NIlBMKCwcQByTLWzJvTI4PZXimgQD7ECBpmTeLsfCnHAUxS65NebVegwYuWPILwDLlD7uOkbRnoMAuJg==",
      "dev": true
    },
    "node_modules/@types/w3c-controlled-frame": {
      "version": "0.0.1",
      "resolved": "https://us-npm.pkg.dev/artifact-foundry-prod/ah-3p-staging-npm/@types/w3c-controlled-frame/-/w3c-controlled-frame-0.0.1.tgz",
      "integrity": "sha512-Svz3bvquaSzHPPo+4KMVi3PuX+28mz8Qr6xLhhmb4xRWqAU85CEKAJxwoUILzdjfWQNQAJLUuiKHNkIBQLYkpA==",
      "dev": true,
      "license": "MIT"
    },
    "node_modules/@types/w3c-direct-sockets": {
      "version": "0.0.2",
      "resolved": "https://registry.npmjs.org/@types/w3c-direct-sockets/-/w3c-direct-sockets-0.0.2.tgz",
      "integrity": "sha512-MsoSl3jJGhSG4KeS/isRyyHNbwXRSZzG0Kf38UKvRRrETXaM2S+EnWSVzFlCDQLMcUTmeFzMIUWcWtDX7fXDzA==",
      "dev": true
    },
    "node_modules/base32-encode": {
      "version": "2.0.0",
      "dev": true,
      "license": "MIT",
      "dependencies": {
        "to-data-view": "^2.0.0"
      },
      "engines": {
        "node": "^12.20.0 || ^14.13.1 || >=16.0.0"
      }
    },
    "node_modules/cborg": {
      "version": "1.10.2",
      "dev": true,
      "license": "Apache-2.0",
      "bin": {
        "cborg": "cli.js"
      }
    },
    "node_modules/commander": {
      "version": "4.1.1",
      "dev": true,
      "license": "MIT",
      "engines": {
        "node": ">= 6"
      }
    },
    "node_modules/dotenv": {
      "version": "16.6.1",
      "dev": true,
      "license": "BSD-2-Clause",
      "engines": {
        "node": ">=12"
      },
      "funding": {
        "url": "https://dotenvx.com"
      }
    },
    "node_modules/esbuild": {
      "version": "0.21.5",
      "dev": true,
      "hasInstallScript": true,
      "license": "MIT",
      "bin": {
        "esbuild": "bin/esbuild"
      },
      "engines": {
        "node": ">=12"
      },
      "optionalDependencies": {
        "@esbuild/aix-ppc64": "0.21.5",
        "@esbuild/android-arm": "0.21.5",
        "@esbuild/android-arm64": "0.21.5",
        "@esbuild/android-x64": "0.21.5",
        "@esbuild/darwin-arm64": "0.21.5",
        "@esbuild/darwin-x64": "0.21.5",
        "@esbuild/freebsd-arm64": "0.21.5",
        "@esbuild/freebsd-x64": "0.21.5",
        "@esbuild/linux-arm": "0.21.5",
        "@esbuild/linux-arm64": "0.21.5",
        "@esbuild/linux-ia32": "0.21.5",
        "@esbuild/linux-loong64": "0.21.5",
        "@esbuild/linux-mips64el": "0.21.5",
        "@esbuild/linux-ppc64": "0.21.5",
        "@esbuild/linux-riscv64": "0.21.5",
        "@esbuild/linux-s390x": "0.21.5",
        "@esbuild/linux-x64": "0.21.5",
        "@esbuild/netbsd-x64": "0.21.5",
        "@esbuild/openbsd-x64": "0.21.5",
        "@esbuild/sunos-x64": "0.21.5",
        "@esbuild/win32-arm64": "0.21.5",
        "@esbuild/win32-ia32": "0.21.5",
        "@esbuild/win32-x64": "0.21.5"
      }
    },
    "node_modules/mime": {
      "version": "2.6.0",
      "dev": true,
      "license": "MIT",
      "bin": {
        "mime": "cli.js"
      },
      "engines": {
        "node": ">=4.0.0"
      }
    },
    "node_modules/mute-stream": {
      "version": "1.0.0",
      "dev": true,
      "license": "ISC",
      "engines": {
        "node": "^14.17.0 || ^16.13.0 || >=18.0.0"
      }
    },
    "node_modules/nanoid": {
      "version": "3.3.11",
      "dev": true,
      "funding": [
        {
          "type": "github",
          "url": "https://github.com/sponsors/ai"
        }
      ],
      "license": "MIT",
      "bin": {
        "nanoid": "bin/nanoid.cjs"
      },
      "engines": {
        "node": "^10 || ^12 || ^13.7 || ^14 || >=15.0.1"
      }
    },
    "node_modules/picocolors": {
      "version": "1.1.1",
      "dev": true,
      "license": "ISC"
    },
    "node_modules/postcss": {
      "version": "8.5.6",
      "dev": true,
      "funding": [
        {
          "type": "opencollective",
          "url": "https://opencollective.com/postcss/"
        },
        {
          "type": "tidelift",
          "url": "https://tidelift.com/funding/github/npm/postcss"
        },
        {
          "type": "github",
          "url": "https://github.com/sponsors/ai"
        }
      ],
      "license": "MIT",
      "dependencies": {
        "nanoid": "^3.3.11",
        "picocolors": "^1.1.1",
        "source-map-js": "^1.2.1"
      },
      "engines": {
        "node": "^10 || ^12 || >=14"
      }
    },
    "node_modules/prettier": {
      "version": "3.7.1",
      "dev": true,
      "license": "MIT",
      "bin": {
        "prettier": "bin/prettier.cjs"
      },
      "engines": {
        "node": ">=14"
      },
      "funding": {
        "url": "https://github.com/prettier/prettier?sponsor=1"
      }
    },
    "node_modules/read": {
      "version": "2.1.0",
      "dev": true,
      "license": "ISC",
      "dependencies": {
        "mute-stream": "~1.0.0"
      },
      "engines": {
        "node": "^14.17.0 || ^16.13.0 || >=18.0.0"
      }
    },
    "node_modules/rollup": {
      "version": "3.29.5",
      "dev": true,
      "license": "MIT",
      "peer": true,
      "bin": {
        "rollup": "dist/bin/rollup"
      },
      "engines": {
        "node": ">=14.18.0",
        "npm": ">=8.0.0"
      },
      "optionalDependencies": {
        "fsevents": "~2.3.2"
      }
    },
    "node_modules/rollup-plugin-webbundle": {
      "version": "0.2.0",
      "dev": true,
      "license": "Apache-2.0",
      "dependencies": {
        "mime": "^2.4.4",
        "wbn": "0.0.9",
        "wbn-sign": "0.2.0",
        "zod": "^3.21.4"
      },
      "engines": {
        "node": ">= 16.0.0"
      },
      "peerDependencies": {
        "rollup": ">=1.21.0 <4.0.0"
      }
    },
    "node_modules/rollup-plugin-webbundle/node_modules/commander": {
      "version": "7.2.0",
      "dev": true,
      "license": "MIT",
      "engines": {
        "node": ">= 10"
      }
    },
    "node_modules/rollup-plugin-webbundle/node_modules/wbn-sign": {
      "version": "0.2.0",
      "dev": true,
      "license": "W3C-20150513",
      "dependencies": {
        "base32-encode": "^2.0.0",
        "cborg": "^1.9.4",
        "commander": "^7.0.0",
        "read": "^2.0.0"
      },
      "bin": {
        "wbn-dump-id": "bin/wbn-dump-id.js",
        "wbn-sign": "bin/wbn-sign.js"
      },
      "engines": {
        "node": ">= 16.0.0",
        "npm": ">= 8.0.0"
      }
    },
    "node_modules/source-map-js": {
      "version": "1.2.1",
      "dev": true,
      "license": "BSD-3-Clause",
      "engines": {
        "node": ">=0.10.0"
      }
    },
    "node_modules/tinycolor2": {
      "version": "1.6.0",
      "dev": true,
      "license": "MIT"
    },
    "node_modules/to-data-view": {
      "version": "2.0.0",
      "dev": true,
      "license": "MIT",
      "engines": {
        "node": "^12.20.0 || ^14.13.1 || >=16.0.0"
      }
    },
    "node_modules/typescript": {
      "version": "5.9.3",
      "dev": true,
      "license": "Apache-2.0",
      "bin": {
        "tsc": "bin/tsc",
        "tsserver": "bin/tsserver"
      },
      "engines": {
        "node": ">=14.17"
      }
    },
    "node_modules/vite": {
      "version": "5.4.21",
      "dev": true,
      "license": "MIT",
      "dependencies": {
        "esbuild": "^0.21.3",
        "postcss": "^8.4.43",
        "rollup": "^4.20.0"
      },
      "bin": {
        "vite": "bin/vite.js"
      },
      "engines": {
        "node": "^18.0.0 || >=20.0.0"
      },
      "funding": {
        "url": "https://github.com/vitejs/vite?sponsor=1"
      },
      "optionalDependencies": {
        "fsevents": "~2.3.3"
      },
      "peerDependencies": {
        "@types/node": "^18.0.0 || >=20.0.0",
        "less": "*",
        "lightningcss": "^1.21.0",
        "sass": "*",
        "sass-embedded": "*",
        "stylus": "*",
        "sugarss": "*",
        "terser": "^5.4.0"
      },
      "peerDependenciesMeta": {
        "@types/node": {
          "optional": true
        },
        "less": {
          "optional": true
        },
        "lightningcss": {
          "optional": true
        },
        "sass": {
          "optional": true
        },
        "sass-embedded": {
          "optional": true
        },
        "stylus": {
          "optional": true
        },
        "sugarss": {
          "optional": true
        },
        "terser": {
          "optional": true
        }
      }
    },
    "node_modules/vite-plugin-html-inject": {
      "version": "1.1.2",
      "dev": true,
      "license": "MIT"
    },
    "node_modules/vite/node_modules/rollup": {
      "version": "4.53.3",
      "dev": true,
      "license": "MIT",
      "dependencies": {
        "@types/estree": "1.0.8"
      },
      "bin": {
        "rollup": "dist/bin/rollup"
      },
      "engines": {
        "node": ">=18.0.0",
        "npm": ">=8.0.0"
      },
      "optionalDependencies": {
        "@rollup/rollup-android-arm-eabi": "4.53.3",
        "@rollup/rollup-android-arm64": "4.53.3",
        "@rollup/rollup-darwin-arm64": "4.53.3",
        "@rollup/rollup-darwin-x64": "4.53.3",
        "@rollup/rollup-freebsd-arm64": "4.53.3",
        "@rollup/rollup-freebsd-x64": "4.53.3",
        "@rollup/rollup-linux-arm-gnueabihf": "4.53.3",
        "@rollup/rollup-linux-arm-musleabihf": "4.53.3",
        "@rollup/rollup-linux-arm64-gnu": "4.53.3",
        "@rollup/rollup-linux-arm64-musl": "4.53.3",
        "@rollup/rollup-linux-loong64-gnu": "4.53.3",
        "@rollup/rollup-linux-ppc64-gnu": "4.53.3",
        "@rollup/rollup-linux-riscv64-gnu": "4.53.3",
        "@rollup/rollup-linux-riscv64-musl": "4.53.3",
        "@rollup/rollup-linux-s390x-gnu": "4.53.3",
        "@rollup/rollup-linux-x64-gnu": "4.53.3",
        "@rollup/rollup-linux-x64-musl": "4.53.3",
        "@rollup/rollup-openharmony-arm64": "4.53.3",
        "@rollup/rollup-win32-arm64-msvc": "4.53.3",
        "@rollup/rollup-win32-ia32-msvc": "4.53.3",
        "@rollup/rollup-win32-x64-gnu": "4.53.3",
        "@rollup/rollup-win32-x64-msvc": "4.53.3",
        "fsevents": "~2.3.2"
      }
    },
    "node_modules/wbn": {
      "version": "0.0.9",
      "dev": true,
      "license": "W3C-20150513",
      "dependencies": {
        "cborg": "^1.9.4",
        "commander": "^4.0.1",
        "mime": "^2.4.4"
      },
      "bin": {
        "wbn": "bin/wbn.js"
      },
      "engines": {
        "node": ">= 12.0.0"
      }
    },
    "node_modules/wbn-sign": {
      "version": "0.2.5",
      "dev": true,
      "license": "W3C-20150513",
      "dependencies": {
        "base32-encode": "^2.0.0",
        "cborg": "^4.2.14",
        "commander": "^7.0.0",
        "read": "^2.0.0"
      },
      "bin": {
        "wbn-dump-id": "bin/wbn-dump-id.js",
        "wbn-sign": "bin/wbn-sign.js"
      },
      "engines": {
        "node": ">= 16.0.0",
        "npm": ">= 8.0.0"
      }
    },
    "node_modules/wbn-sign/node_modules/cborg": {
      "version": "4.3.1",
      "dev": true,
      "license": "Apache-2.0",
      "bin": {
        "cborg": "lib/bin.js"
      }
    },
    "node_modules/wbn-sign/node_modules/commander": {
      "version": "7.2.0",
      "dev": true,
      "license": "MIT",
      "engines": {
        "node": ">= 10"
      }
    },
    "node_modules/zod": {
      "version": "3.25.76",
      "dev": true,
      "license": "MIT",
      "funding": {
        "url": "https://github.com/sponsors/colinhacks"
      }
    }
  }
}
